
Microsoft Visual Studio Solution File, Format Version 12.00
# Visual Studio Version 16
VisualStudioVersion = 16.0.32901.82
MinimumVisualStudioVersion = 10.0.40219.1
Project("{2150E333-8FDC-42A3-9474-1A3956D46DE8}") = "Unite1_OOP", "Unite1_OOP", "{A6BF7212-EEC7-4BD0-8D27-C390A21C8CEC}"
EndProject
Project("{2150E333-8FDC-42A3-9474-1A3956D46DE8}") = "Unite2_KararYapilariveDonguler", "Unite2_KararYapilariveDonguler", "{3F7C67A9-723B-41E5-80E8-0E22B6A09DF8}"
EndProject
Project("{FAE04EC0-301F-11D3-BF4B-00C04F79EFBC}") = "U1_GoldSoru1", "U1_GoldSoru1\U1_GoldSoru1.csproj", "{EA7C041C-BDD7-4D90-9A9C-64F312A3A47C}"
EndProject
Project("{FAE04EC0-301F-11D3-BF4B-00C04F79EFBC}") = "U1_GoldSoru2", "U1_GoldSoru2\U1_GoldSoru2.csproj", "{33621CE0-A70E-494C-93DD-E2403B9D7E3A}"
EndProject
Project("{FAE04EC0-301F-11D3-BF4B-00C04F79EFBC}") = "U1_Odev1", "U1_Odev1\U1_Odev1.csproj", "{4EE8319C-3918-4610-A08D-071C7C1B402F}"
EndProject
Project("{FAE04EC0-301F-11D3-BF4B-00C04F79EFBC}") = "U1_Uyg12", "U1_Uyg12\U1_Uyg12.csproj", "{FE573B62-273E-44EA-BFD4-BFC294B12AFA}"
EndProject
Project("{FAE04EC0-301F-11D3-BF4B-00C04F79EFBC}") = "U1_Uyg13", "U1_Uyg13\U1_Uyg13.csproj", "{5DC8C0EF-5251-47E5-94BA-8B61F854BD4F}"
EndProject
Project("{FAE04EC0-301F-11D3-BF4B-00C04F79EFBC}") = "U1_Uyg14", "U1_Uyg14\U1_Uyg14.csproj", "{AB3882DD-F629-47AD-A554-27A5555867D9}"
EndProject
Project("{FAE04EC0-301F-11D3-BF4B-00C04F79EFBC}") = "U1_Uyg15", "U1_Uyg15\U1_Uyg15.csproj", "{59676C0F-E482-4646-AAE8-03376582A268}"
EndProject
Project("{FAE04EC0-301F-11D3-BF4B-00C04F79EFBC}") = "U1_Uyg16", "U1_Uyg16\U1_Uyg16.csproj", "{891F650B-7CAB-4AE7-88B4-7D2A2F462FD4}"
EndProject
Project("{FAE04EC0-301F-11D3-BF4B-00C04F79EFBC}") = "U2_Uyg10", "U2_Uyg10\U2_Uyg10.csproj", "{A8D31830-BD00-4669-94F7-85974F508EF7}"
EndProject
Project("{FAE04EC0-301F-11D3-BF4B-00C04F79EFBC}") = "U2_Uyg9", "U2_Uyg9\U2_Uyg9.csproj", "{2F44680E-D24D-4723-8D76-173556245248}"
EndProject
Project("{FAE04EC0-301F-11D3-BF4B-00C04F79EFBC}") = "U2_Uyg8", "U2_Uyg8\U2_Uyg8.csproj", "{855E8ED8-00F3-47C9-B324-B8CD13A18006}"
EndProject
Project("{FAE04EC0-301F-11D3-BF4B-00C04F79EFBC}") = "U2_Uyg7", "U2_Uyg7\U2_Uyg7.csproj", "{6BA7005A-0677-40B3-980A-78853D1D3EB0}"
EndProject
Project("{FAE04EC0-301F-11D3-BF4B-00C04F79EFBC}") = "U2_Uyg6", "U2_Uyg6\U2_Uyg6.csproj", "{BD602972-82BD-4FFF-8A70-C0F0AF393F73}"
EndProject
Project("{FAE04EC0-301F-11D3-BF4B-00C04F79EFBC}") = "U2_Uyg5", "U2_Uyg5\U2_Uyg5.csproj", "{4E97C8C3-E3B4-4ABD-A11A-5B2782CA652C}"
EndProject
Project("{FAE04EC0-301F-11D3-BF4B-00C04F79EFBC}") = "U2_Uyg4", "U2_Uyg4\U2_Uyg4.csproj", "{BAFB5BB4-4772-440E-AEAC-B9738674E45C}"
EndProject
Project("{FAE04EC0-301F-11D3-BF4B-00C04F79EFBC}") = "U2_Uyg3", "U2_Uyg3\U2_Uyg3.csproj", "{714A4437-0DAF-421F-9037-646A199EA245}"
EndProject
Project("{FAE04EC0-301F-11D3-BF4B-00C04F79EFBC}") = "U2_Uyg2", "U2_Uyg2\U2_Uyg2.csproj", "{A7BCE5C4-7C51-4FA2-A854-8148D2C5EDFC}"
EndProject
Project("{FAE04EC0-301F-11D3-BF4B-00C04F79EFBC}") = "U2_Uyg1", "U2_Uyg1\U2_Uyg1.csproj", "{5F4AB3BF-02FE-4531-B044-FB8284B64E1C}"
EndProject
Project("{FAE04EC0-301F-11D3-BF4B-00C04F79EFBC}") = "U1_SS_1", "U1_SS_1\U1_SS_1.csproj", "{3DC94593-EC95-4610-80E3-66D53880026D}"
EndProject
Project("{FAE04EC0-301F-11D3-BF4B-00C04F79EFBC}") = "U1_SS_2", "U1_SS_2\U1_SS_2.csproj", "{1FBAA273-880C-4EBE-BB68-94431B2F4678}"
EndProject
Project("{FAE04EC0-301F-11D3-BF4B-00C04F79EFBC}") = "U1_SS_40", "U1_SS_40\U1_SS_40.csproj", "{25B958E7-957F-424E-A271-B4C9426264DD}"
EndProject
Project("{FAE04EC0-301F-11D3-BF4B-00C04F79EFBC}") = "U2_SS_50", "U2_SS_50\U2_SS_50.csproj", "{E010620E-2B2B-4C0A-8DFD-DBF98090B4A7}"
EndProject
Project("{FAE04EC0-301F-11D3-BF4B-00C04F79EFBC}") = "U2_SS_48", "U2_SS_48\U2_SS_48.csproj", "{DB3FA5F5-4229-45E3-851C-F00E85FD70D9}"
EndProject
Project("{FAE04EC0-301F-11D3-BF4B-00C04F79EFBC}") = "U2_Odev1", "U2_Odev1\U2_Odev1.csproj", "{616F9DE9-7D90-4738-B32A-E92CA2A8CB60}"
EndProject
Project("{FAE04EC0-301F-11D3-BF4B-00C04F79EFBC}") = "U2_Uyg11", "U2_Uyg11\U2_Uyg11.csproj", "{B0E10EB5-5A52-4641-9E6F-D7FA347AA068}"
EndProject
Project("{FAE04EC0-301F-11D3-BF4B-00C04F79EFBC}") = "U2_SS_53", "U2_SS_53\U2_SS_53.csproj", "{77C0708C-F185-46B2-8931-D7FF5EDAC959}"
EndProject
Project("{FAE04EC0-301F-11D3-BF4B-00C04F79EFBC}") = "U2_Uyg12", "U2_Uyg12\U2_Uyg12.csproj", "{58125873-DE2F-4E44-88A6-FA7890474454}"
EndProject
Project("{FAE04EC0-301F-11D3-BF4B-00C04F79EFBC}") = "U2_Uyg13", "U2_Uyg13\U2_Uyg13.csproj", "{E609CBD3-750A-4406-8056-049FE3D7C7EF}"
EndProject
Project("{FAE04EC0-301F-11D3-BF4B-00C04F79EFBC}") = "U2_Uyg14", "U2_Uyg14\U2_Uyg14.csproj", "{7F87B71A-DF08-4DC7-B50F-B0D5761CF915}"
EndProject
Project("{FAE04EC0-301F-11D3-BF4B-00C04F79EFBC}") = "U2_Uyg15", "U2_Uyg15\U2_Uyg15.csproj", "{56A948B7-E241-4AA8-B27E-41109295E562}"
EndProject
Project("{FAE04EC0-301F-11D3-BF4B-00C04F79EFBC}") = "U2_Uyg16", "U2_Uyg16\U2_Uyg16.csproj", "{BD7E095F-AAB9-41B0-9874-E0CB0E823511}"
EndProject
Project("{FAE04EC0-301F-11D3-BF4B-00C04F79EFBC}") = "U2_Uyg17", "U2_Uyg17\U2_Uyg17.csproj", "{1EC9811A-D1C5-4366-9731-5F53D536F5DA}"
EndProject
Project("{FAE04EC0-301F-11D3-BF4B-00C04F79EFBC}") = "U2_Uyg18", "U2_Uyg18\U2_Uyg18.csproj", "{CF44D647-C96F-42E1-9A7D-B1A192DB6CE3}"
EndProject
Project("{FAE04EC0-301F-11D3-BF4B-00C04F79EFBC}") = "U2_Uyg20", "U2_Uyg20\U2_Uyg20.csproj", "{10D7F531-8A49-4A3A-8420-2656D762EDA1}"
EndProject
Project("{FAE04EC0-301F-11D3-BF4B-00C04F79EFBC}") = "U2_Uyg22", "U2_Uyg22\U2_Uyg22.csproj", "{7BB4009F-C7CC-4C55-B0AF-3AC69FBBECFE}"
EndProject
Project("{FAE04EC0-301F-11D3-BF4B-00C04F79EFBC}") = "U2_Uyg23", "U2_Uyg23\U2_Uyg23.csproj", "{48A4D807-C07E-40BE-8DE1-E1B4B94C8E4A}"
EndProject
Project("{FAE04EC0-301F-11D3-BF4B-00C04F79EFBC}") = "U2_SS_60", "U2_SS_60\U2_SS_60.csproj", "{9DA6C699-5A87-4041-97C5-8928BB342704}"
EndProject
Project("{FAE04EC0-301F-11D3-BF4B-00C04F79EFBC}") = "U2_SS_64", "U2_SS_64\U2_SS_64.csproj", "{9E20DC62-B9DD-40C5-975A-5736038E8E3B}"
EndProject
Project("{FAE04EC0-301F-11D3-BF4B-00C04F79EFBC}") = "U2_Uyg24", "U2_Uyg24\U2_Uyg24.csproj", "{B5E28817-3012-43A6-9AFA-5FDE60DC16EB}"
EndProject
Project("{FAE04EC0-301F-11D3-BF4B-00C04F79EFBC}") = "U2_Uyg25", "U2_Uyg25\U2_Uyg25.csproj", "{F684656D-E0C6-4497-836B-AFF4C0441270}"
EndProject
Project("{FAE04EC0-301F-11D3-BF4B-00C04F79EFBC}") = "U2_Uyg26", "U2_Uyg26\U2_Uyg26.csproj", "{144BFBE3-AA09-4455-A678-3C74DC150033}"
EndProject
Project("{FAE04EC0-301F-11D3-BF4B-00C04F79EFBC}") = "U2_Uyg28", "U2_Uyg28\U2_Uyg28.csproj", "{795A6E83-237F-4391-8BBE-7C591FE91D42}"
EndProject
Project("{FAE04EC0-301F-11D3-BF4B-00C04F79EFBC}") = "U2_uyg29", "U2_uyg29\U2_uyg29.csproj", "{0B5BE159-A1D7-48D8-BDBA-3CEA8FD565DF}"
EndProject
Project("{FAE04EC0-301F-11D3-BF4B-00C04F79EFBC}") = "U2_SS66_1", "U2_SS66_1\U2_SS66_1.csproj", "{3205A27D-FCA7-4CD2-946A-30218472E0B7}"
EndProject
Project("{FAE04EC0-301F-11D3-BF4B-00C04F79EFBC}") = "U2_UYG230", "U2_UYG230\U2_UYG230.csproj", "{F9F0E47D-C925-4E00-A6DC-94BDE2736189}"
EndProject
Project("{FAE04EC0-301F-11D3-BF4B-00C04F79EFBC}") = "U2_UYG30", "U2_UYG30\U2_UYG30.csproj", "{1F04DC8B-BA95-4D4C-BCA2-4544A0CB77CF}"
EndProject
Project("{FAE04EC0-301F-11D3-BF4B-00C04F79EFBC}") = "U2_SS565", "U2_SS565\U2_SS565.csproj", "{E156901C-C057-4A7E-90E7-35A18A24998A}"
EndProject
Project("{FAE04EC0-301F-11D3-BF4B-00C04F79EFBC}") = "U2_Uyg31", "U2_Uyg31\U2_Uyg31.csproj", "{FEEF4E97-72C4-4816-BB14-D5BCEA550667}"
EndProject
Project("{FAE04EC0-301F-11D3-BF4B-00C04F79EFBC}") = "U2_SS69_2", "U2_SS69_2\U2_SS69_2.csproj", "{A1BB1F54-D4AE-43DE-853E-40B9CB237632}"
EndProject
Project("{FAE04EC0-301F-11D3-BF4B-00C04F79EFBC}") = "U2_SS70_1", "U2_SS70_1\U2_SS70_1.csproj", "{C8197B60-AB76-45EC-BBEA-01CF1C42050D}"
EndProject
Project("{FAE04EC0-301F-11D3-BF4B-00C04F79EFBC}") = "U2_UYG33", "U2_UYG33\U2_UYG33.csproj", "{792EC857-28A9-4D46-BB9F-81C68D595B05}"
EndProject
Project("{FAE04EC0-301F-11D3-BF4B-00C04F79EFBC}") = "U2_Goldsoru33", "U2_Goldsoru33\U2_Goldsoru33.csproj", "{6E18A4FE-2710-4670-9D87-6F1A8F304232}"
EndProject
Project("{FAE04EC0-301F-11D3-BF4B-00C04F79EFBC}") = "U2_goldsoru4", "U2_goldsoru4\U2_goldsoru4.csproj", "{0854A358-51F8-4A4A-BDDF-E5753E1B0954}"
EndProject
Project("{FAE04EC0-301F-11D3-BF4B-00C04F79EFBC}") = "U2_goldsoru5", "U2_goldsoru5\U2_goldsoru5.csproj", "{1BCE357B-6BEE-41F2-B0C3-0E6AB8715AE3}"
EndProject
Project("{FAE04EC0-301F-11D3-BF4B-00C04F79EFBC}") = "U2_goldsoru7", "U2_goldsoru7\U2_goldsoru7.csproj", "{0E157679-9D1B-45EB-80F5-A4A727B01513}"
EndProject
Project("{2150E333-8FDC-42A3-9474-1A3956D46DE8}") = "Unite3_Class", "Unite3_Class", "{56075925-0DD5-4415-81B5-9BAFA4A94B5C}"
EndProject
Project("{FAE04EC0-301F-11D3-BF4B-00C04F79EFBC}") = "U32_S81", "U32_S81\U32_S81.csproj", "{AE861B8C-1F66-49BF-B4FA-A57760238BE7}"
EndProject
Project("{FAE04EC0-301F-11D3-BF4B-00C04F79EFBC}") = "U3_U86", "U3_U86\U3_U86.csproj", "{F10DC141-E276-4523-AE3D-30E88D661E75}"
EndProject
Project("{FAE04EC0-301F-11D3-BF4B-00C04F79EFBC}") = "U3_S92", "U3_S92\U3_S92.csproj", "{11EE5182-639F-45BB-9A47-4B821F3B11EE}"
EndProject
Project("{FAE04EC0-301F-11D3-BF4B-00C04F79EFBC}") = "U3_S_100", "U3_S_100\U3_S_100.csproj", "{45D6067A-4EC5-4417-8162-30737BD14DF5}"
EndProject
Project("{9A19103F-16F7-4668-BE54-9A1E7A4F7556}") = "U3_S115", "U3_S115\U3_S115.csproj", "{A15DAC13-359D-450D-A3BF-83FD6138A1CA}"
EndProject
Project("{9A19103F-16F7-4668-BE54-9A1E7A4F7556}") = "U3_Uyg123", "U3_Uyg123\U3_Uyg123.csproj", "{760BADB7-9D88-4DC4-A8EE-4485C80B0B8D}"
EndProject
Project("{2150E333-8FDC-42A3-9474-1A3956D46DE8}") = "Unite4_diziler", "Unite4_diziler", "{8AD78D45-9FD8-4D63-8B2E-67C76F371218}"
EndProject
Project("{FAE04EC0-301F-11D3-BF4B-00C04F79EFBC}") = "U4_Uyg4", "U4_UYG_123\U4_Uyg4.csproj", "{F37E6481-6854-44B1-9641-CCB3F729ED2B}"
EndProject
Project("{FAE04EC0-301F-11D3-BF4B-00C04F79EFBC}") = "U4_Uyg2", "U4_s124\U4_Uyg2.csproj", "{9A4043F5-79BB-4A6A-8345-2CF68E4BA34A}"
EndProject
Project("{FAE04EC0-301F-11D3-BF4B-00C04F79EFBC}") = "U4_Uyg3", "U4_125\U4_Uyg3.csproj", "{3FBE6D69-CCFC-41E3-9C7A-580C0472C01A}"
EndProject
Project("{FAE04EC0-301F-11D3-BF4B-00C04F79EFBC}") = "U4_Uyg5", "U4_UYG4\U4_Uyg5.csproj", "{13ADAC22-3830-40B2-A6B2-6DB66E0A85A0}"
EndProject
Project("{FAE04EC0-301F-11D3-BF4B-00C04F79EFBC}") = "U4_uyg6", "U4_uyg5\U4_uyg6.csproj", "{79BAD32F-DD9F-49A5-A297-92B28BB71A05}"
EndProject
Project("{FAE04EC0-301F-11D3-BF4B-00C04F79EFBC}") = "U4_uyg7", "U4_uyg6\U4_uyg7.csproj", "{2C39466F-5276-48BC-B394-3B94899CE9F0}"
EndProject
Project("{FAE04EC0-301F-11D3-BF4B-00C04F79EFBC}") = "U4_uyg8", "U4_uyg8\U4_uyg8.csproj", "{6B662AF5-9647-4B04-BDCF-108EA6CEE325}"
EndProject
Global
	GlobalSection(SolutionConfigurationPlatforms) = preSolution
		Debug|Any CPU = Debug|Any CPU
		Release|Any CPU = Release|Any CPU
	EndGlobalSection
	GlobalSection(ProjectConfigurationPlatforms) = postSolution
		{EA7C041C-BDD7-4D90-9A9C-64F312A3A47C}.Debug|Any CPU.ActiveCfg = Debug|Any CPU
		{EA7C041C-BDD7-4D90-9A9C-64F312A3A47C}.Debug|Any CPU.Build.0 = Debug|Any CPU
		{EA7C041C-BDD7-4D90-9A9C-64F312A3A47C}.Release|Any CPU.ActiveCfg = Release|Any CPU
		{EA7C041C-BDD7-4D90-9A9C-64F312A3A47C}.Release|Any CPU.Build.0 = Release|Any CPU
		{33621CE0-A70E-494C-93DD-E2403B9D7E3A}.Debug|Any CPU.ActiveCfg = Debug|Any CPU
		{33621CE0-A70E-494C-93DD-E2403B9D7E3A}.Debug|Any CPU.Build.0 = Debug|Any CPU
		{33621CE0-A70E-494C-93DD-E2403B9D7E3A}.Release|Any CPU.ActiveCfg = Release|Any CPU
		{33621CE0-A70E-494C-93DD-E2403B9D7E3A}.Release|Any CPU.Build.0 = Release|Any CPU
		{4EE8319C-3918-4610-A08D-071C7C1B402F}.Debug|Any CPU.ActiveCfg = Debug|Any CPU
		{4EE8319C-3918-4610-A08D-071C7C1B402F}.Debug|Any CPU.Build.0 = Debug|Any CPU
		{4EE8319C-3918-4610-A08D-071C7C1B402F}.Release|Any CPU.ActiveCfg = Release|Any CPU
		{4EE8319C-3918-4610-A08D-071C7C1B402F}.Release|Any CPU.Build.0 = Release|Any CPU
		{FE573B62-273E-44EA-BFD4-BFC294B12AFA}.Debug|Any CPU.ActiveCfg = Debug|Any CPU
		{FE573B62-273E-44EA-BFD4-BFC294B12AFA}.Debug|Any CPU.Build.0 = Debug|Any CPU
		{FE573B62-273E-44EA-BFD4-BFC294B12AFA}.Release|Any CPU.ActiveCfg = Release|Any CPU
		{FE573B62-273E-44EA-BFD4-BFC294B12AFA}.Release|Any CPU.Build.0 = Release|Any CPU
		{5DC8C0EF-5251-47E5-94BA-8B61F854BD4F}.Debug|Any CPU.ActiveCfg = Debug|Any CPU
		{5DC8C0EF-5251-47E5-94BA-8B61F854BD4F}.Debug|Any CPU.Build.0 = Debug|Any CPU
		{5DC8C0EF-5251-47E5-94BA-8B61F854BD4F}.Release|Any CPU.ActiveCfg = Release|Any CPU
		{5DC8C0EF-5251-47E5-94BA-8B61F854BD4F}.Release|Any CPU.Build.0 = Release|Any CPU
		{AB3882DD-F629-47AD-A554-27A5555867D9}.Debug|Any CPU.ActiveCfg = Debug|Any CPU
		{AB3882DD-F629-47AD-A554-27A5555867D9}.Debug|Any CPU.Build.0 = Debug|Any CPU
		{AB3882DD-F629-47AD-A554-27A5555867D9}.Release|Any CPU.ActiveCfg = Release|Any CPU
		{AB3882DD-F629-47AD-A554-27A5555867D9}.Release|Any CPU.Build.0 = Release|Any CPU
		{59676C0F-E482-4646-AAE8-03376582A268}.Debug|Any CPU.ActiveCfg = Debug|Any CPU
		{59676C0F-E482-4646-AAE8-03376582A268}.Debug|Any CPU.Build.0 = Debug|Any CPU
		{59676C0F-E482-4646-AAE8-03376582A268}.Release|Any CPU.ActiveCfg = Release|Any CPU
		{59676C0F-E482-4646-AAE8-03376582A268}.Release|Any CPU.Build.0 = Release|Any CPU
		{891F650B-7CAB-4AE7-88B4-7D2A2F462FD4}.Debug|Any CPU.ActiveCfg = Debug|Any CPU
		{891F650B-7CAB-4AE7-88B4-7D2A2F462FD4}.Debug|Any CPU.Build.0 = Debug|Any CPU
		{891F650B-7CAB-4AE7-88B4-7D2A2F462FD4}.Release|Any CPU.ActiveCfg = Release|Any CPU
		{891F650B-7CAB-4AE7-88B4-7D2A2F462FD4}.Release|Any CPU.Build.0 = Release|Any CPU
		{A8D31830-BD00-4669-94F7-85974F508EF7}.Debug|Any CPU.ActiveCfg = Debug|Any CPU
		{A8D31830-BD00-4669-94F7-85974F508EF7}.Debug|Any CPU.Build.0 = Debug|Any CPU
		{A8D31830-BD00-4669-94F7-85974F508EF7}.Release|Any CPU.ActiveCfg = Release|Any CPU
		{A8D31830-BD00-4669-94F7-85974F508EF7}.Release|Any CPU.Build.0 = Release|Any CPU
		{2F44680E-D24D-4723-8D76-173556245248}.Debug|Any CPU.ActiveCfg = Debug|Any CPU
		{2F44680E-D24D-4723-8D76-173556245248}.Debug|Any CPU.Build.0 = Debug|Any CPU
		{2F44680E-D24D-4723-8D76-173556245248}.Release|Any CPU.ActiveCfg = Release|Any CPU
		{2F44680E-D24D-4723-8D76-173556245248}.Release|Any CPU.Build.0 = Release|Any CPU
		{855E8ED8-00F3-47C9-B324-B8CD13A18006}.Debug|Any CPU.ActiveCfg = Debug|Any CPU
		{855E8ED8-00F3-47C9-B324-B8CD13A18006}.Debug|Any CPU.Build.0 = Debug|Any CPU
		{855E8ED8-00F3-47C9-B324-B8CD13A18006}.Release|Any CPU.ActiveCfg = Release|Any CPU
		{855E8ED8-00F3-47C9-B324-B8CD13A18006}.Release|Any CPU.Build.0 = Release|Any CPU
		{6BA7005A-0677-40B3-980A-78853D1D3EB0}.Debug|Any CPU.ActiveCfg = Debug|Any CPU
		{6BA7005A-0677-40B3-980A-78853D1D3EB0}.Debug|Any CPU.Build.0 = Debug|Any CPU
		{6BA7005A-0677-40B3-980A-78853D1D3EB0}.Release|Any CPU.ActiveCfg = Release|Any CPU
		{6BA7005A-0677-40B3-980A-78853D1D3EB0}.Release|Any CPU.Build.0 = Release|Any CPU
		{BD602972-82BD-4FFF-8A70-C0F0AF393F73}.Debug|Any CPU.ActiveCfg = Debug|Any CPU
		{BD602972-82BD-4FFF-8A70-C0F0AF393F73}.Debug|Any CPU.Build.0 = Debug|Any CPU
		{BD602972-82BD-4FFF-8A70-C0F0AF393F73}.Release|Any CPU.ActiveCfg = Release|Any CPU
		{BD602972-82BD-4FFF-8A70-C0F0AF393F73}.Release|Any CPU.Build.0 = Release|Any CPU
		{4E97C8C3-E3B4-4ABD-A11A-5B2782CA652C}.Debug|Any CPU.ActiveCfg = Debug|Any CPU
		{4E97C8C3-E3B4-4ABD-A11A-5B2782CA652C}.Debug|Any CPU.Build.0 = Debug|Any CPU
		{4E97C8C3-E3B4-4ABD-A11A-5B2782CA652C}.Release|Any CPU.ActiveCfg = Release|Any CPU
		{4E97C8C3-E3B4-4ABD-A11A-5B2782CA652C}.Release|Any CPU.Build.0 = Release|Any CPU
		{BAFB5BB4-4772-440E-AEAC-B9738674E45C}.Debug|Any CPU.ActiveCfg = Debug|Any CPU
		{BAFB5BB4-4772-440E-AEAC-B9738674E45C}.Debug|Any CPU.Build.0 = Debug|Any CPU
		{BAFB5BB4-4772-440E-AEAC-B9738674E45C}.Release|Any CPU.ActiveCfg = Release|Any CPU
		{BAFB5BB4-4772-440E-AEAC-B9738674E45C}.Release|Any CPU.Build.0 = Release|Any CPU
		{714A4437-0DAF-421F-9037-646A199EA245}.Debug|Any CPU.ActiveCfg = Debug|Any CPU
		{714A4437-0DAF-421F-9037-646A199EA245}.Debug|Any CPU.Build.0 = Debug|Any CPU
		{714A4437-0DAF-421F-9037-646A199EA245}.Release|Any CPU.ActiveCfg = Release|Any CPU
		{714A4437-0DAF-421F-9037-646A199EA245}.Release|Any CPU.Build.0 = Release|Any CPU
		{A7BCE5C4-7C51-4FA2-A854-8148D2C5EDFC}.Debug|Any CPU.ActiveCfg = Debug|Any CPU
		{A7BCE5C4-7C51-4FA2-A854-8148D2C5EDFC}.Debug|Any CPU.Build.0 = Debug|Any CPU
		{A7BCE5C4-7C51-4FA2-A854-8148D2C5EDFC}.Release|Any CPU.ActiveCfg = Release|Any CPU
		{A7BCE5C4-7C51-4FA2-A854-8148D2C5EDFC}.Release|Any CPU.Build.0 = Release|Any CPU
		{5F4AB3BF-02FE-4531-B044-FB8284B64E1C}.Debug|Any CPU.ActiveCfg = Debug|Any CPU
		{5F4AB3BF-02FE-4531-B044-FB8284B64E1C}.Debug|Any CPU.Build.0 = Debug|Any CPU
		{5F4AB3BF-02FE-4531-B044-FB8284B64E1C}.Release|Any CPU.ActiveCfg = Release|Any CPU
		{5F4AB3BF-02FE-4531-B044-FB8284B64E1C}.Release|Any CPU.Build.0 = Release|Any CPU
		{3DC94593-EC95-4610-80E3-66D53880026D}.Debug|Any CPU.ActiveCfg = Debug|Any CPU
		{3DC94593-EC95-4610-80E3-66D53880026D}.Debug|Any CPU.Build.0 = Debug|Any CPU
		{3DC94593-EC95-4610-80E3-66D53880026D}.Release|Any CPU.ActiveCfg = Release|Any CPU
		{3DC94593-EC95-4610-80E3-66D53880026D}.Release|Any CPU.Build.0 = Release|Any CPU
		{1FBAA273-880C-4EBE-BB68-94431B2F4678}.Debug|Any CPU.ActiveCfg = Debug|Any CPU
		{1FBAA273-880C-4EBE-BB68-94431B2F4678}.Debug|Any CPU.Build.0 = Debug|Any CPU
		{1FBAA273-880C-4EBE-BB68-94431B2F4678}.Release|Any CPU.ActiveCfg = Release|Any CPU
		{1FBAA273-880C-4EBE-BB68-94431B2F4678}.Release|Any CPU.Build.0 = Release|Any CPU
		{25B958E7-957F-424E-A271-B4C9426264DD}.Debug|Any CPU.ActiveCfg = Debug|Any CPU
		{25B958E7-957F-424E-A271-B4C9426264DD}.Debug|Any CPU.Build.0 = Debug|Any CPU
		{25B958E7-957F-424E-A271-B4C9426264DD}.Release|Any CPU.ActiveCfg = Release|Any CPU
		{25B958E7-957F-424E-A271-B4C9426264DD}.Release|Any CPU.Build.0 = Release|Any CPU
		{E010620E-2B2B-4C0A-8DFD-DBF98090B4A7}.Debug|Any CPU.ActiveCfg = Debug|Any CPU
		{E010620E-2B2B-4C0A-8DFD-DBF98090B4A7}.Debug|Any CPU.Build.0 = Debug|Any CPU
		{E010620E-2B2B-4C0A-8DFD-DBF98090B4A7}.Release|Any CPU.ActiveCfg = Release|Any CPU
		{E010620E-2B2B-4C0A-8DFD-DBF98090B4A7}.Release|Any CPU.Build.0 = Release|Any CPU
		{DB3FA5F5-4229-45E3-851C-F00E85FD70D9}.Debug|Any CPU.ActiveCfg = Debug|Any CPU
		{DB3FA5F5-4229-45E3-851C-F00E85FD70D9}.Debug|Any CPU.Build.0 = Debug|Any CPU
		{DB3FA5F5-4229-45E3-851C-F00E85FD70D9}.Release|Any CPU.ActiveCfg = Release|Any CPU
		{DB3FA5F5-4229-45E3-851C-F00E85FD70D9}.Release|Any CPU.Build.0 = Release|Any CPU
		{616F9DE9-7D90-4738-B32A-E92CA2A8CB60}.Debug|Any CPU.ActiveCfg = Debug|Any CPU
		{616F9DE9-7D90-4738-B32A-E92CA2A8CB60}.Debug|Any CPU.Build.0 = Debug|Any CPU
		{616F9DE9-7D90-4738-B32A-E92CA2A8CB60}.Release|Any CPU.ActiveCfg = Release|Any CPU
		{616F9DE9-7D90-4738-B32A-E92CA2A8CB60}.Release|Any CPU.Build.0 = Release|Any CPU
		{B0E10EB5-5A52-4641-9E6F-D7FA347AA068}.Debug|Any CPU.ActiveCfg = Debug|Any CPU
		{B0E10EB5-5A52-4641-9E6F-D7FA347AA068}.Debug|Any CPU.Build.0 = Debug|Any CPU
		{B0E10EB5-5A52-4641-9E6F-D7FA347AA068}.Release|Any CPU.ActiveCfg = Release|Any CPU
		{B0E10EB5-5A52-4641-9E6F-D7FA347AA068}.Release|Any CPU.Build.0 = Release|Any CPU
		{77C0708C-F185-46B2-8931-D7FF5EDAC959}.Debug|Any CPU.ActiveCfg = Debug|Any CPU
		{77C0708C-F185-46B2-8931-D7FF5EDAC959}.Debug|Any CPU.Build.0 = Debug|Any CPU
		{77C0708C-F185-46B2-8931-D7FF5EDAC959}.Release|Any CPU.ActiveCfg = Release|Any CPU
		{77C0708C-F185-46B2-8931-D7FF5EDAC959}.Release|Any CPU.Build.0 = Release|Any CPU
		{58125873-DE2F-4E44-88A6-FA7890474454}.Debug|Any CPU.ActiveCfg = Debug|Any CPU
		{58125873-DE2F-4E44-88A6-FA7890474454}.Debug|Any CPU.Build.0 = Debug|Any CPU
		{58125873-DE2F-4E44-88A6-FA7890474454}.Release|Any CPU.ActiveCfg = Release|Any CPU
		{58125873-DE2F-4E44-88A6-FA7890474454}.Release|Any CPU.Build.0 = Release|Any CPU
		{E609CBD3-750A-4406-8056-049FE3D7C7EF}.Debug|Any CPU.ActiveCfg = Debug|Any CPU
		{E609CBD3-750A-4406-8056-049FE3D7C7EF}.Debug|Any CPU.Build.0 = Debug|Any CPU
		{E609CBD3-750A-4406-8056-049FE3D7C7EF}.Release|Any CPU.ActiveCfg = Release|Any CPU
		{E609CBD3-750A-4406-8056-049FE3D7C7EF}.Release|Any CPU.Build.0 = Release|Any CPU
		{7F87B71A-DF08-4DC7-B50F-B0D5761CF915}.Debug|Any CPU.ActiveCfg = Debug|Any CPU
		{7F87B71A-DF08-4DC7-B50F-B0D5761CF915}.Debug|Any CPU.Build.0 = Debug|Any CPU
		{7F87B71A-DF08-4DC7-B50F-B0D5761CF915}.Release|Any CPU.ActiveCfg = Release|Any CPU
		{7F87B71A-DF08-4DC7-B50F-B0D5761CF915}.Release|Any CPU.Build.0 = Release|Any CPU
		{56A948B7-E241-4AA8-B27E-41109295E562}.Debug|Any CPU.ActiveCfg = Debug|Any CPU
		{56A948B7-E241-4AA8-B27E-41109295E562}.Debug|Any CPU.Build.0 = Debug|Any CPU
		{56A948B7-E241-4AA8-B27E-41109295E562}.Release|Any CPU.ActiveCfg = Release|Any CPU
		{56A948B7-E241-4AA8-B27E-41109295E562}.Release|Any CPU.Build.0 = Release|Any CPU
		{BD7E095F-AAB9-41B0-9874-E0CB0E823511}.Debug|Any CPU.ActiveCfg = Debug|Any CPU
		{BD7E095F-AAB9-41B0-9874-E0CB0E823511}.Debug|Any CPU.Build.0 = Debug|Any CPU
		{BD7E095F-AAB9-41B0-9874-E0CB0E823511}.Release|Any CPU.ActiveCfg = Release|Any CPU
		{BD7E095F-AAB9-41B0-9874-E0CB0E823511}.Release|Any CPU.Build.0 = Release|Any CPU
		{1EC9811A-D1C5-4366-9731-5F53D536F5DA}.Debug|Any CPU.ActiveCfg = Debug|Any CPU
		{1EC9811A-D1C5-4366-9731-5F53D536F5DA}.Debug|Any CPU.Build.0 = Debug|Any CPU
		{1EC9811A-D1C5-4366-9731-5F53D536F5DA}.Release|Any CPU.ActiveCfg = Release|Any CPU
		{1EC9811A-D1C5-4366-9731-5F53D536F5DA}.Release|Any CPU.Build.0 = Release|Any CPU
		{CF44D647-C96F-42E1-9A7D-B1A192DB6CE3}.Debug|Any CPU.ActiveCfg = Debug|Any CPU
		{CF44D647-C96F-42E1-9A7D-B1A192DB6CE3}.Debug|Any CPU.Build.0 = Debug|Any CPU
		{CF44D647-C96F-42E1-9A7D-B1A192DB6CE3}.Release|Any CPU.ActiveCfg = Release|Any CPU
		{CF44D647-C96F-42E1-9A7D-B1A192DB6CE3}.Release|Any CPU.Build.0 = Release|Any CPU
		{10D7F531-8A49-4A3A-8420-2656D762EDA1}.Debug|Any CPU.ActiveCfg = Debug|Any CPU
		{10D7F531-8A49-4A3A-8420-2656D762EDA1}.Debug|Any CPU.Build.0 = Debug|Any CPU
		{10D7F531-8A49-4A3A-8420-2656D762EDA1}.Release|Any CPU.ActiveCfg = Release|Any CPU
		{10D7F531-8A49-4A3A-8420-2656D762EDA1}.Release|Any CPU.Build.0 = Release|Any CPU
		{7BB4009F-C7CC-4C55-B0AF-3AC69FBBECFE}.Debug|Any CPU.ActiveCfg = Debug|Any CPU
		{7BB4009F-C7CC-4C55-B0AF-3AC69FBBECFE}.Debug|Any CPU.Build.0 = Debug|Any CPU
		{7BB4009F-C7CC-4C55-B0AF-3AC69FBBECFE}.Release|Any CPU.ActiveCfg = Release|Any CPU
		{7BB4009F-C7CC-4C55-B0AF-3AC69FBBECFE}.Release|Any CPU.Build.0 = Release|Any CPU
		{48A4D807-C07E-40BE-8DE1-E1B4B94C8E4A}.Debug|Any CPU.ActiveCfg = Debug|Any CPU
		{48A4D807-C07E-40BE-8DE1-E1B4B94C8E4A}.Debug|Any CPU.Build.0 = Debug|Any CPU
		{48A4D807-C07E-40BE-8DE1-E1B4B94C8E4A}.Release|Any CPU.ActiveCfg = Release|Any CPU
		{48A4D807-C07E-40BE-8DE1-E1B4B94C8E4A}.Release|Any CPU.Build.0 = Release|Any CPU
		{9DA6C699-5A87-4041-97C5-8928BB342704}.Debug|Any CPU.ActiveCfg = Debug|Any CPU
		{9DA6C699-5A87-4041-97C5-8928BB342704}.Debug|Any CPU.Build.0 = Debug|Any CPU
		{9DA6C699-5A87-4041-97C5-8928BB342704}.Release|Any CPU.ActiveCfg = Release|Any CPU
		{9DA6C699-5A87-4041-97C5-8928BB342704}.Release|Any CPU.Build.0 = Release|Any CPU
		{9E20DC62-B9DD-40C5-975A-5736038E8E3B}.Debug|Any CPU.ActiveCfg = Debug|Any CPU
		{9E20DC62-B9DD-40C5-975A-5736038E8E3B}.Debug|Any CPU.Build.0 = Debug|Any CPU
		{9E20DC62-B9DD-40C5-975A-5736038E8E3B}.Release|Any CPU.ActiveCfg = Release|Any CPU
		{9E20DC62-B9DD-40C5-975A-5736038E8E3B}.Release|Any CPU.Build.0 = Release|Any CPU
		{B5E28817-3012-43A6-9AFA-5FDE60DC16EB}.Debug|Any CPU.ActiveCfg = Debug|Any CPU
		{B5E28817-3012-43A6-9AFA-5FDE60DC16EB}.Debug|Any CPU.Build.0 = Debug|Any CPU
		{B5E28817-3012-43A6-9AFA-5FDE60DC16EB}.Release|Any CPU.ActiveCfg = Release|Any CPU
		{B5E28817-3012-43A6-9AFA-5FDE60DC16EB}.Release|Any CPU.Build.0 = Release|Any CPU
		{F684656D-E0C6-4497-836B-AFF4C0441270}.Debug|Any CPU.ActiveCfg = Debug|Any CPU
		{F684656D-E0C6-4497-836B-AFF4C0441270}.Debug|Any CPU.Build.0 = Debug|Any CPU
		{F684656D-E0C6-4497-836B-AFF4C0441270}.Release|Any CPU.ActiveCfg = Release|Any CPU
		{F684656D-E0C6-4497-836B-AFF4C0441270}.Release|Any CPU.Build.0 = Release|Any CPU
		{144BFBE3-AA09-4455-A678-3C74DC150033}.Debug|Any CPU.ActiveCfg = Debug|Any CPU
		{144BFBE3-AA09-4455-A678-3C74DC150033}.Debug|Any CPU.Build.0 = Debug|Any CPU
		{144BFBE3-AA09-4455-A678-3C74DC150033}.Release|Any CPU.ActiveCfg = Release|Any CPU
		{144BFBE3-AA09-4455-A678-3C74DC150033}.Release|Any CPU.Build.0 = Release|Any CPU
		{795A6E83-237F-4391-8BBE-7C591FE91D42}.Debug|Any CPU.ActiveCfg = Debug|Any CPU
		{795A6E83-237F-4391-8BBE-7C591FE91D42}.Debug|Any CPU.Build.0 = Debug|Any CPU
		{795A6E83-237F-4391-8BBE-7C591FE91D42}.Release|Any CPU.ActiveCfg = Release|Any CPU
		{795A6E83-237F-4391-8BBE-7C591FE91D42}.Release|Any CPU.Build.0 = Release|Any CPU
		{0B5BE159-A1D7-48D8-BDBA-3CEA8FD565DF}.Debug|Any CPU.ActiveCfg = Debug|Any CPU
		{0B5BE159-A1D7-48D8-BDBA-3CEA8FD565DF}.Debug|Any CPU.Build.0 = Debug|Any CPU
		{0B5BE159-A1D7-48D8-BDBA-3CEA8FD565DF}.Release|Any CPU.ActiveCfg = Release|Any CPU
		{0B5BE159-A1D7-48D8-BDBA-3CEA8FD565DF}.Release|Any CPU.Build.0 = Release|Any CPU
		{3205A27D-FCA7-4CD2-946A-30218472E0B7}.Debug|Any CPU.ActiveCfg = Debug|Any CPU
		{3205A27D-FCA7-4CD2-946A-30218472E0B7}.Debug|Any CPU.Build.0 = Debug|Any CPU
		{3205A27D-FCA7-4CD2-946A-30218472E0B7}.Release|Any CPU.ActiveCfg = Release|Any CPU
		{3205A27D-FCA7-4CD2-946A-30218472E0B7}.Release|Any CPU.Build.0 = Release|Any CPU
		{F9F0E47D-C925-4E00-A6DC-94BDE2736189}.Debug|Any CPU.ActiveCfg = Debug|Any CPU
		{F9F0E47D-C925-4E00-A6DC-94BDE2736189}.Debug|Any CPU.Build.0 = Debug|Any CPU
		{F9F0E47D-C925-4E00-A6DC-94BDE2736189}.Release|Any CPU.ActiveCfg = Release|Any CPU
		{F9F0E47D-C925-4E00-A6DC-94BDE2736189}.Release|Any CPU.Build.0 = Release|Any CPU
		{1F04DC8B-BA95-4D4C-BCA2-4544A0CB77CF}.Debug|Any CPU.ActiveCfg = Debug|Any CPU
		{1F04DC8B-BA95-4D4C-BCA2-4544A0CB77CF}.Debug|Any CPU.Build.0 = Debug|Any CPU
		{1F04DC8B-BA95-4D4C-BCA2-4544A0CB77CF}.Release|Any CPU.ActiveCfg = Release|Any CPU
		{1F04DC8B-BA95-4D4C-BCA2-4544A0CB77CF}.Release|Any CPU.Build.0 = Release|Any CPU
		{E156901C-C057-4A7E-90E7-35A18A24998A}.Debug|Any CPU.ActiveCfg = Debug|Any CPU
		{E156901C-C057-4A7E-90E7-35A18A24998A}.Debug|Any CPU.Build.0 = Debug|Any CPU
		{E156901C-C057-4A7E-90E7-35A18A24998A}.Release|Any CPU.ActiveCfg = Release|Any CPU
		{E156901C-C057-4A7E-90E7-35A18A24998A}.Release|Any CPU.Build.0 = Release|Any CPU
		{FEEF4E97-72C4-4816-BB14-D5BCEA550667}.Debug|Any CPU.ActiveCfg = Debug|Any CPU
		{FEEF4E97-72C4-4816-BB14-D5BCEA550667}.Debug|Any CPU.Build.0 = Debug|Any CPU
		{FEEF4E97-72C4-4816-BB14-D5BCEA550667}.Release|Any CPU.ActiveCfg = Release|Any CPU
		{FEEF4E97-72C4-4816-BB14-D5BCEA550667}.Release|Any CPU.Build.0 = Release|Any CPU
		{A1BB1F54-D4AE-43DE-853E-40B9CB237632}.Debug|Any CPU.ActiveCfg = Debug|Any CPU
		{A1BB1F54-D4AE-43DE-853E-40B9CB237632}.Debug|Any CPU.Build.0 = Debug|Any CPU
		{A1BB1F54-D4AE-43DE-853E-40B9CB237632}.Release|Any CPU.ActiveCfg = Release|Any CPU
		{A1BB1F54-D4AE-43DE-853E-40B9CB237632}.Release|Any CPU.Build.0 = Release|Any CPU
		{C8197B60-AB76-45EC-BBEA-01CF1C42050D}.Debug|Any CPU.ActiveCfg = Debug|Any CPU
		{C8197B60-AB76-45EC-BBEA-01CF1C42050D}.Debug|Any CPU.Build.0 = Debug|Any CPU
		{C8197B60-AB76-45EC-BBEA-01CF1C42050D}.Release|Any CPU.ActiveCfg = Release|Any CPU
		{C8197B60-AB76-45EC-BBEA-01CF1C42050D}.Release|Any CPU.Build.0 = Release|Any CPU
		{792EC857-28A9-4D46-BB9F-81C68D595B05}.Debug|Any CPU.ActiveCfg = Debug|Any CPU
		{792EC857-28A9-4D46-BB9F-81C68D595B05}.Debug|Any CPU.Build.0 = Debug|Any CPU
		{792EC857-28A9-4D46-BB9F-81C68D595B05}.Release|Any CPU.ActiveCfg = Release|Any CPU
		{792EC857-28A9-4D46-BB9F-81C68D595B05}.Release|Any CPU.Build.0 = Release|Any CPU
		{6E18A4FE-2710-4670-9D87-6F1A8F304232}.Debug|Any CPU.ActiveCfg = Debug|Any CPU
		{6E18A4FE-2710-4670-9D87-6F1A8F304232}.Debug|Any CPU.Build.0 = Debug|Any CPU
		{6E18A4FE-2710-4670-9D87-6F1A8F304232}.Release|Any CPU.ActiveCfg = Release|Any CPU
		{6E18A4FE-2710-4670-9D87-6F1A8F304232}.Release|Any CPU.Build.0 = Release|Any CPU
		{0854A358-51F8-4A4A-BDDF-E5753E1B0954}.Debug|Any CPU.ActiveCfg = Debug|Any CPU
		{0854A358-51F8-4A4A-BDDF-E5753E1B0954}.Debug|Any CPU.Build.0 = Debug|Any CPU
		{0854A358-51F8-4A4A-BDDF-E5753E1B0954}.Release|Any CPU.ActiveCfg = Release|Any CPU
		{0854A358-51F8-4A4A-BDDF-E5753E1B0954}.Release|Any CPU.Build.0 = Release|Any CPU
		{1BCE357B-6BEE-41F2-B0C3-0E6AB8715AE3}.Debug|Any CPU.ActiveCfg = Debug|Any CPU
		{1BCE357B-6BEE-41F2-B0C3-0E6AB8715AE3}.Debug|Any CPU.Build.0 = Debug|Any CPU
		{1BCE357B-6BEE-41F2-B0C3-0E6AB8715AE3}.Release|Any CPU.ActiveCfg = Release|Any CPU
		{1BCE357B-6BEE-41F2-B0C3-0E6AB8715AE3}.Release|Any CPU.Build.0 = Release|Any CPU
		{0E157679-9D1B-45EB-80F5-A4A727B01513}.Debug|Any CPU.ActiveCfg = Debug|Any CPU
		{0E157679-9D1B-45EB-80F5-A4A727B01513}.Debug|Any CPU.Build.0 = Debug|Any CPU
		{0E157679-9D1B-45EB-80F5-A4A727B01513}.Release|Any CPU.ActiveCfg = Release|Any CPU
		{0E157679-9D1B-45EB-80F5-A4A727B01513}.Release|Any CPU.Build.0 = Release|Any CPU
		{AE861B8C-1F66-49BF-B4FA-A57760238BE7}.Debug|Any CPU.ActiveCfg = Debug|Any CPU
		{AE861B8C-1F66-49BF-B4FA-A57760238BE7}.Debug|Any CPU.Build.0 = Debug|Any CPU
		{AE861B8C-1F66-49BF-B4FA-A57760238BE7}.Release|Any CPU.ActiveCfg = Release|Any CPU
		{AE861B8C-1F66-49BF-B4FA-A57760238BE7}.Release|Any CPU.Build.0 = Release|Any CPU
		{F10DC141-E276-4523-AE3D-30E88D661E75}.Debug|Any CPU.ActiveCfg = Debug|Any CPU
		{F10DC141-E276-4523-AE3D-30E88D661E75}.Debug|Any CPU.Build.0 = Debug|Any CPU
		{F10DC141-E276-4523-AE3D-30E88D661E75}.Release|Any CPU.ActiveCfg = Release|Any CPU
		{F10DC141-E276-4523-AE3D-30E88D661E75}.Release|Any CPU.Build.0 = Release|Any CPU
		{11EE5182-639F-45BB-9A47-4B821F3B11EE}.Debug|Any CPU.ActiveCfg = Debug|Any CPU
		{11EE5182-639F-45BB-9A47-4B821F3B11EE}.Debug|Any CPU.Build.0 = Debug|Any CPU
		{11EE5182-639F-45BB-9A47-4B821F3B11EE}.Release|Any CPU.ActiveCfg = Release|Any CPU
		{11EE5182-639F-45BB-9A47-4B821F3B11EE}.Release|Any CPU.Build.0 = Release|Any CPU
		{45D6067A-4EC5-4417-8162-30737BD14DF5}.Debug|Any CPU.ActiveCfg = Debug|Any CPU
		{45D6067A-4EC5-4417-8162-30737BD14DF5}.Debug|Any CPU.Build.0 = Debug|Any CPU
		{45D6067A-4EC5-4417-8162-30737BD14DF5}.Release|Any CPU.ActiveCfg = Release|Any CPU
		{45D6067A-4EC5-4417-8162-30737BD14DF5}.Release|Any CPU.Build.0 = Release|Any CPU
		{A15DAC13-359D-450D-A3BF-83FD6138A1CA}.Debug|Any CPU.ActiveCfg = Debug|Any CPU
		{A15DAC13-359D-450D-A3BF-83FD6138A1CA}.Debug|Any CPU.Build.0 = Debug|Any CPU
		{A15DAC13-359D-450D-A3BF-83FD6138A1CA}.Release|Any CPU.ActiveCfg = Release|Any CPU
		{A15DAC13-359D-450D-A3BF-83FD6138A1CA}.Release|Any CPU.Build.0 = Release|Any CPU
		{760BADB7-9D88-4DC4-A8EE-4485C80B0B8D}.Debug|Any CPU.ActiveCfg = Debug|Any CPU
		{760BADB7-9D88-4DC4-A8EE-4485C80B0B8D}.Debug|Any CPU.Build.0 = Debug|Any CPU
		{760BADB7-9D88-4DC4-A8EE-4485C80B0B8D}.Release|Any CPU.ActiveCfg = Release|Any CPU
		{760BADB7-9D88-4DC4-A8EE-4485C80B0B8D}.Release|Any CPU.Build.0 = Release|Any CPU
		{F37E6481-6854-44B1-9641-CCB3F729ED2B}.Debug|Any CPU.ActiveCfg = Debug|Any CPU
		{F37E6481-6854-44B1-9641-CCB3F729ED2B}.Debug|Any CPU.Build.0 = Debug|Any CPU
		{F37E6481-6854-44B1-9641-CCB3F729ED2B}.Release|Any CPU.ActiveCfg = Release|Any CPU
		{F37E6481-6854-44B1-9641-CCB3F729ED2B}.Release|Any CPU.Build.0 = Release|Any CPU
		{9A4043F5-79BB-4A6A-8345-2CF68E4BA34A}.Debug|Any CPU.ActiveCfg = Debug|Any CPU
		{9A4043F5-79BB-4A6A-8345-2CF68E4BA34A}.Debug|Any CPU.Build.0 = Debug|Any CPU
		{9A4043F5-79BB-4A6A-8345-2CF68E4BA34A}.Release|Any CPU.ActiveCfg = Release|Any CPU
		{9A4043F5-79BB-4A6A-8345-2CF68E4BA34A}.Release|Any CPU.Build.0 = Release|Any CPU
		{3FBE6D69-CCFC-41E3-9C7A-580C0472C01A}.Debug|Any CPU.ActiveCfg = Debug|Any CPU
		{3FBE6D69-CCFC-41E3-9C7A-580C0472C01A}.Debug|Any CPU.Build.0 = Debug|Any CPU
		{3FBE6D69-CCFC-41E3-9C7A-580C0472C01A}.Release|Any CPU.ActiveCfg = Release|Any CPU
		{3FBE6D69-CCFC-41E3-9C7A-580C0472C01A}.Release|Any CPU.Build.0 = Release|Any CPU
		{13ADAC22-3830-40B2-A6B2-6DB66E0A85A0}.Debug|Any CPU.ActiveCfg = Debug|Any CPU
		{13ADAC22-3830-40B2-A6B2-6DB66E0A85A0}.Debug|Any CPU.Build.0 = Debug|Any CPU
		{13ADAC22-3830-40B2-A6B2-6DB66E0A85A0}.Release|Any CPU.ActiveCfg = Release|Any CPU
		{13ADAC22-3830-40B2-A6B2-6DB66E0A85A0}.Release|Any CPU.Build.0 = Release|Any CPU
		{79BAD32F-DD9F-49A5-A297-92B28BB71A05}.Debug|Any CPU.ActiveCfg = Debug|Any CPU
		{79BAD32F-DD9F-49A5-A297-92B28BB71A05}.Debug|Any CPU.Build.0 = Debug|Any CPU
		{79BAD32F-DD9F-49A5-A297-92B28BB71A05}.Release|Any CPU.ActiveCfg = Release|Any CPU
		{79BAD32F-DD9F-49A5-A297-92B28BB71A05}.Release|Any CPU.Build.0 = Release|Any CPU
		{2C39466F-5276-48BC-B394-3B94899CE9F0}.Debug|Any CPU.ActiveCfg = Debug|Any CPU
		{2C39466F-5276-48BC-B394-3B94899CE9F0}.Debug|Any CPU.Build.0 = Debug|Any CPU
		{2C39466F-5276-48BC-B394-3B94899CE9F0}.Release|Any CPU.ActiveCfg = Release|Any CPU
		{2C39466F-5276-48BC-B394-3B94899CE9F0}.Release|Any CPU.Build.0 = Release|Any CPU
		{6B662AF5-9647-4B04-BDCF-108EA6CEE325}.Debug|Any CPU.ActiveCfg = Debug|Any CPU
		{6B662AF5-9647-4B04-BDCF-108EA6CEE325}.Debug|Any CPU.Build.0 = Debug|Any CPU
		{6B662AF5-9647-4B04-BDCF-108EA6CEE325}.Release|Any CPU.ActiveCfg = Release|Any CPU
		{6B662AF5-9647-4B04-BDCF-108EA6CEE325}.Release|Any CPU.Build.0 = Release|Any CPU
	EndGlobalSection
	GlobalSection(SolutionProperties) = preSolution
		HideSolutionNode = FALSE
	EndGlobalSection
	GlobalSection(NestedProjects) = preSolution
		{EA7C041C-BDD7-4D90-9A9C-64F312A3A47C} = {A6BF7212-EEC7-4BD0-8D27-C390A21C8CEC}
		{33621CE0-A70E-494C-93DD-E2403B9D7E3A} = {A6BF7212-EEC7-4BD0-8D27-C390A21C8CEC}
		{4EE8319C-3918-4610-A08D-071C7C1B402F} = {A6BF7212-EEC7-4BD0-8D27-C390A21C8CEC}
		{FE573B62-273E-44EA-BFD4-BFC294B12AFA} = {A6BF7212-EEC7-4BD0-8D27-C390A21C8CEC}
		{5DC8C0EF-5251-47E5-94BA-8B61F854BD4F} = {A6BF7212-EEC7-4BD0-8D27-C390A21C8CEC}
		{AB3882DD-F629-47AD-A554-27A5555867D9} = {A6BF7212-EEC7-4BD0-8D27-C390A21C8CEC}
		{59676C0F-E482-4646-AAE8-03376582A268} = {A6BF7212-EEC7-4BD0-8D27-C390A21C8CEC}
		{891F650B-7CAB-4AE7-88B4-7D2A2F462FD4} = {A6BF7212-EEC7-4BD0-8D27-C390A21C8CEC}
		{A8D31830-BD00-4669-94F7-85974F508EF7} = {3F7C67A9-723B-41E5-80E8-0E22B6A09DF8}
		{2F44680E-D24D-4723-8D76-173556245248} = {3F7C67A9-723B-41E5-80E8-0E22B6A09DF8}
		{855E8ED8-00F3-47C9-B324-B8CD13A18006} = {3F7C67A9-723B-41E5-80E8-0E22B6A09DF8}
		{6BA7005A-0677-40B3-980A-78853D1D3EB0} = {3F7C67A9-723B-41E5-80E8-0E22B6A09DF8}
		{BD602972-82BD-4FFF-8A70-C0F0AF393F73} = {3F7C67A9-723B-41E5-80E8-0E22B6A09DF8}
		{4E97C8C3-E3B4-4ABD-A11A-5B2782CA652C} = {3F7C67A9-723B-41E5-80E8-0E22B6A09DF8}
		{BAFB5BB4-4772-440E-AEAC-B9738674E45C} = {3F7C67A9-723B-41E5-80E8-0E22B6A09DF8}
		{714A4437-0DAF-421F-9037-646A199EA245} = {3F7C67A9-723B-41E5-80E8-0E22B6A09DF8}
		{A7BCE5C4-7C51-4FA2-A854-8148D2C5EDFC} = {3F7C67A9-723B-41E5-80E8-0E22B6A09DF8}
		{5F4AB3BF-02FE-4531-B044-FB8284B64E1C} = {3F7C67A9-723B-41E5-80E8-0E22B6A09DF8}
		{3DC94593-EC95-4610-80E3-66D53880026D} = {A6BF7212-EEC7-4BD0-8D27-C390A21C8CEC}
		{1FBAA273-880C-4EBE-BB68-94431B2F4678} = {A6BF7212-EEC7-4BD0-8D27-C390A21C8CEC}
		{25B958E7-957F-424E-A271-B4C9426264DD} = {A6BF7212-EEC7-4BD0-8D27-C390A21C8CEC}
		{E010620E-2B2B-4C0A-8DFD-DBF98090B4A7} = {3F7C67A9-723B-41E5-80E8-0E22B6A09DF8}
		{DB3FA5F5-4229-45E3-851C-F00E85FD70D9} = {3F7C67A9-723B-41E5-80E8-0E22B6A09DF8}
		{616F9DE9-7D90-4738-B32A-E92CA2A8CB60} = {3F7C67A9-723B-41E5-80E8-0E22B6A09DF8}
		{B0E10EB5-5A52-4641-9E6F-D7FA347AA068} = {3F7C67A9-723B-41E5-80E8-0E22B6A09DF8}
		{77C0708C-F185-46B2-8931-D7FF5EDAC959} = {3F7C67A9-723B-41E5-80E8-0E22B6A09DF8}
		{58125873-DE2F-4E44-88A6-FA7890474454} = {3F7C67A9-723B-41E5-80E8-0E22B6A09DF8}
		{E609CBD3-750A-4406-8056-049FE3D7C7EF} = {3F7C67A9-723B-41E5-80E8-0E22B6A09DF8}
		{7F87B71A-DF08-4DC7-B50F-B0D5761CF915} = {3F7C67A9-723B-41E5-80E8-0E22B6A09DF8}
		{56A948B7-E241-4AA8-B27E-41109295E562} = {3F7C67A9-723B-41E5-80E8-0E22B6A09DF8}
		{BD7E095F-AAB9-41B0-9874-E0CB0E823511} = {3F7C67A9-723B-41E5-80E8-0E22B6A09DF8}
		{1EC9811A-D1C5-4366-9731-5F53D536F5DA} = {3F7C67A9-723B-41E5-80E8-0E22B6A09DF8}
		{CF44D647-C96F-42E1-9A7D-B1A192DB6CE3} = {3F7C67A9-723B-41E5-80E8-0E22B6A09DF8}
		{10D7F531-8A49-4A3A-8420-2656D762EDA1} = {3F7C67A9-723B-41E5-80E8-0E22B6A09DF8}
		{7BB4009F-C7CC-4C55-B0AF-3AC69FBBECFE} = {3F7C67A9-723B-41E5-80E8-0E22B6A09DF8}
		{48A4D807-C07E-40BE-8DE1-E1B4B94C8E4A} = {3F7C67A9-723B-41E5-80E8-0E22B6A09DF8}
		{9DA6C699-5A87-4041-97C5-8928BB342704} = {3F7C67A9-723B-41E5-80E8-0E22B6A09DF8}
		{9E20DC62-B9DD-40C5-975A-5736038E8E3B} = {3F7C67A9-723B-41E5-80E8-0E22B6A09DF8}
		{B5E28817-3012-43A6-9AFA-5FDE60DC16EB} = {3F7C67A9-723B-41E5-80E8-0E22B6A09DF8}
		{F684656D-E0C6-4497-836B-AFF4C0441270} = {3F7C67A9-723B-41E5-80E8-0E22B6A09DF8}
		{144BFBE3-AA09-4455-A678-3C74DC150033} = {3F7C67A9-723B-41E5-80E8-0E22B6A09DF8}
		{795A6E83-237F-4391-8BBE-7C591FE91D42} = {3F7C67A9-723B-41E5-80E8-0E22B6A09DF8}
		{0B5BE159-A1D7-48D8-BDBA-3CEA8FD565DF} = {3F7C67A9-723B-41E5-80E8-0E22B6A09DF8}
		{3205A27D-FCA7-4CD2-946A-30218472E0B7} = {3F7C67A9-723B-41E5-80E8-0E22B6A09DF8}
		{F9F0E47D-C925-4E00-A6DC-94BDE2736189} = {3F7C67A9-723B-41E5-80E8-0E22B6A09DF8}
		{1F04DC8B-BA95-4D4C-BCA2-4544A0CB77CF} = {3F7C67A9-723B-41E5-80E8-0E22B6A09DF8}
		{E156901C-C057-4A7E-90E7-35A18A24998A} = {3F7C67A9-723B-41E5-80E8-0E22B6A09DF8}
		{FEEF4E97-72C4-4816-BB14-D5BCEA550667} = {3F7C67A9-723B-41E5-80E8-0E22B6A09DF8}
		{A1BB1F54-D4AE-43DE-853E-40B9CB237632} = {3F7C67A9-723B-41E5-80E8-0E22B6A09DF8}
		{C8197B60-AB76-45EC-BBEA-01CF1C42050D} = {3F7C67A9-723B-41E5-80E8-0E22B6A09DF8}
		{792EC857-28A9-4D46-BB9F-81C68D595B05} = {3F7C67A9-723B-41E5-80E8-0E22B6A09DF8}
		{6E18A4FE-2710-4670-9D87-6F1A8F304232} = {3F7C67A9-723B-41E5-80E8-0E22B6A09DF8}
		{0854A358-51F8-4A4A-BDDF-E5753E1B0954} = {3F7C67A9-723B-41E5-80E8-0E22B6A09DF8}
		{1BCE357B-6BEE-41F2-B0C3-0E6AB8715AE3} = {3F7C67A9-723B-41E5-80E8-0E22B6A09DF8}
		{0E157679-9D1B-45EB-80F5-A4A727B01513} = {3F7C67A9-723B-41E5-80E8-0E22B6A09DF8}
		{AE861B8C-1F66-49BF-B4FA-A57760238BE7} = {56075925-0DD5-4415-81B5-9BAFA4A94B5C}
		{F10DC141-E276-4523-AE3D-30E88D661E75} = {56075925-0DD5-4415-81B5-9BAFA4A94B5C}
		{11EE5182-639F-45BB-9A47-4B821F3B11EE} = {56075925-0DD5-4415-81B5-9BAFA4A94B5C}
		{45D6067A-4EC5-4417-8162-30737BD14DF5} = {56075925-0DD5-4415-81B5-9BAFA4A94B5C}
		{A15DAC13-359D-450D-A3BF-83FD6138A1CA} = {56075925-0DD5-4415-81B5-9BAFA4A94B5C}
		{760BADB7-9D88-4DC4-A8EE-4485C80B0B8D} = {56075925-0DD5-4415-81B5-9BAFA4A94B5C}
		{F37E6481-6854-44B1-9641-CCB3F729ED2B} = {8AD78D45-9FD8-4D63-8B2E-67C76F371218}
		{9A4043F5-79BB-4A6A-8345-2CF68E4BA34A} = {8AD78D45-9FD8-4D63-8B2E-67C76F371218}
		{3FBE6D69-CCFC-41E3-9C7A-580C0472C01A} = {8AD78D45-9FD8-4D63-8B2E-67C76F371218}
		{13ADAC22-3830-40B2-A6B2-6DB66E0A85A0} = {8AD78D45-9FD8-4D63-8B2E-67C76F371218}
		{79BAD32F-DD9F-49A5-A297-92B28BB71A05} = {8AD78D45-9FD8-4D63-8B2E-67C76F371218}
		{2C39466F-5276-48BC-B394-3B94899CE9F0} = {8AD78D45-9FD8-4D63-8B2E-67C76F371218}
		{6B662AF5-9647-4B04-BDCF-108EA6CEE325} = {8AD78D45-9FD8-4D63-8B2E-67C76F371218}
	EndGlobalSection
	GlobalSection(ExtensibilityGlobals) = postSolution
		SolutionGuid = {7EDBA141-81CB-48A6-9F95-8B5DED1FC991}
	EndGlobalSection
EndGlobal
